
Microsoft Visual Studio Solution File, Format Version 12.00
# Visual Studio Version 17
VisualStudioVersion = 17.3.32811.315
MinimumVisualStudioVersion = 10.0.40219.1
Project("{FAE04EC0-301F-11D3-BF4B-00C04F79EFBC}") = "ContentManagement.Core", "ContentManager.Core\ContentManagement.Core.csproj", "{CF8082B7-85FB-44E9-A02C-FC8E14C4CDD7}"
EndProject
Project("{FAE04EC0-301F-11D3-BF4B-00C04F79EFBC}") = "ContentManagement.UnitTests", "ContentManagement.UnitTests\ContentManagement.UnitTests.csproj", "{95F1F9CB-C6E2-49D7-B349-CA264139722F}"
EndProject
Global
	GlobalSection(SolutionConfigurationPlatforms) = preSolution
		Debug|Any CPU = Debug|Any CPU
		Release|Any CPU = Release|Any CPU
	EndGlobalSection
	GlobalSection(ProjectConfigurationPlatforms) = postSolution
		{CF8082B7-85FB-44E9-A02C-FC8E14C4CDD7}.Debug|Any CPU.ActiveCfg = Debug|Any CPU
		{CF8082B7-85FB-44E9-A02C-FC8E14C4CDD7}.Debug|Any CPU.Build.0 = Debug|Any CPU
		{CF8082B7-85FB-44E9-A02C-FC8E14C4CDD7}.Release|Any CPU.ActiveCfg = Release|Any CPU
		{CF8082B7-85FB-44E9-A02C-FC8E14C4CDD7}.Release|Any CPU.Build.0 = Release|Any CPU
		{95F1F9CB-C6E2-49D7-B349-CA264139722F}.Debug|Any CPU.ActiveCfg = Debug|Any CPU
		{95F1F9CB-C6E2-49D7-B349-CA264139722F}.Debug|Any CPU.Build.0 = Debug|Any CPU
		{95F1F9CB-C6E2-49D7-B349-CA264139722F}.Release|Any CPU.ActiveCfg = Release|Any CPU
		{95F1F9CB-C6E2-49D7-B349-CA264139722F}.Release|Any CPU.Build.0 = Release|Any CPU
	EndGlobalSection
	GlobalSection(SolutionProperties) = preSolution
		HideSolutionNode = FALSE
	EndGlobalSection
	GlobalSection(ExtensibilityGlobals) = postSolution
		SolutionGuid = {C4F5F64C-D227-4381-A5B5-1AFA0D112214}
	EndGlobalSection
EndGlobal
